
Microsoft Visual Studio Solution File, Format Version 12.00
# Visual Studio Version 17
VisualStudioVersion = 17.4.33603.86
MinimumVisualStudioVersion = 10.0.40219.1
Project("{FAE04EC0-301F-11D3-BF4B-00C04F79EFBC}") = "Serene-starter.Web", "Serene-starter\Serene-starter.Web\Serene-starter.Web.csproj", "{8A191A72-6B3D-4727-B64C-978C643A1A1D}"
EndProject
Global
	GlobalSection(SolutionConfigurationPlatforms) = preSolution
		Debug|Any CPU = Debug|Any CPU
		Release|Any CPU = Release|Any CPU
	EndGlobalSection
	GlobalSection(ProjectConfigurationPlatforms) = postSolution
		{8A191A72-6B3D-4727-B64C-978C643A1A1D}.Debug|Any CPU.ActiveCfg = Debug|Any CPU
		{8A191A72-6B3D-4727-B64C-978C643A1A1D}.Debug|Any CPU.Build.0 = Debug|Any CPU
		{8A191A72-6B3D-4727-B64C-978C643A1A1D}.Release|Any CPU.ActiveCfg = Release|Any CPU
		{8A191A72-6B3D-4727-B64C-978C643A1A1D}.Release|Any CPU.Build.0 = Release|Any CPU
	EndGlobalSection
	GlobalSection(SolutionProperties) = preSolution
		HideSolutionNode = FALSE
	EndGlobalSection
	GlobalSection(ExtensibilityGlobals) = postSolution
		SolutionGuid = {0D9175C6-73F5-4279-91A6-A3D3753688BF}
	EndGlobalSection
EndGlobal
